
Microsoft Visual Studio Solution File, Format Version 12.00
# Visual Studio Version 17
VisualStudioVersion = 17.11.35222.181
MinimumVisualStudioVersion = 10.0.40219.1
Project("{FAE04EC0-301F-11D3-BF4B-00C04F79EFBC}") = "week4Loops", "week4Loops\week4Loops.csproj", "{3B20151D-CF4F-4720-877A-E71EB6496CC9}"
EndProject
Project("{FAE04EC0-301F-11D3-BF4B-00C04F79EFBC}") = "ForLoopSome", "ForLoopSome\ForLoopSome.csproj", "{9CD5B937-C349-4AE4-9A70-0600FF089B33}"
EndProject
Project("{FAE04EC0-301F-11D3-BF4B-00C04F79EFBC}") = "RandomNumber", "RandomNumber\RandomNumber.csproj", "{0662527C-2D8F-4215-A9D5-8448DF79552C}"
EndProject
Project("{FAE04EC0-301F-11D3-BF4B-00C04F79EFBC}") = "WhileLoops", "WhileLoops\WhileLoops.csproj", "{A692E195-D739-4E72-B634-A81E9A3BF5F0}"
EndProject
Global
	GlobalSection(SolutionConfigurationPlatforms) = preSolution
		Debug|Any CPU = Debug|Any CPU
		Release|Any CPU = Release|Any CPU
	EndGlobalSection
	GlobalSection(ProjectConfigurationPlatforms) = postSolution
		{3B20151D-CF4F-4720-877A-E71EB6496CC9}.Debug|Any CPU.ActiveCfg = Debug|Any CPU
		{3B20151D-CF4F-4720-877A-E71EB6496CC9}.Debug|Any CPU.Build.0 = Debug|Any CPU
		{3B20151D-CF4F-4720-877A-E71EB6496CC9}.Release|Any CPU.ActiveCfg = Release|Any CPU
		{3B20151D-CF4F-4720-877A-E71EB6496CC9}.Release|Any CPU.Build.0 = Release|Any CPU
		{9CD5B937-C349-4AE4-9A70-0600FF089B33}.Debug|Any CPU.ActiveCfg = Debug|Any CPU
		{9CD5B937-C349-4AE4-9A70-0600FF089B33}.Debug|Any CPU.Build.0 = Debug|Any CPU
		{9CD5B937-C349-4AE4-9A70-0600FF089B33}.Release|Any CPU.ActiveCfg = Release|Any CPU
		{9CD5B937-C349-4AE4-9A70-0600FF089B33}.Release|Any CPU.Build.0 = Release|Any CPU
		{0662527C-2D8F-4215-A9D5-8448DF79552C}.Debug|Any CPU.ActiveCfg = Debug|Any CPU
		{0662527C-2D8F-4215-A9D5-8448DF79552C}.Debug|Any CPU.Build.0 = Debug|Any CPU
		{0662527C-2D8F-4215-A9D5-8448DF79552C}.Release|Any CPU.ActiveCfg = Release|Any CPU
		{0662527C-2D8F-4215-A9D5-8448DF79552C}.Release|Any CPU.Build.0 = Release|Any CPU
		{A692E195-D739-4E72-B634-A81E9A3BF5F0}.Debug|Any CPU.ActiveCfg = Debug|Any CPU
		{A692E195-D739-4E72-B634-A81E9A3BF5F0}.Debug|Any CPU.Build.0 = Debug|Any CPU
		{A692E195-D739-4E72-B634-A81E9A3BF5F0}.Release|Any CPU.ActiveCfg = Release|Any CPU
		{A692E195-D739-4E72-B634-A81E9A3BF5F0}.Release|Any CPU.Build.0 = Release|Any CPU
	EndGlobalSection
	GlobalSection(SolutionProperties) = preSolution
		HideSolutionNode = FALSE
	EndGlobalSection
	GlobalSection(ExtensibilityGlobals) = postSolution
		SolutionGuid = {0DFF90BE-899E-4BFC-82CF-4785B77C6BFD}
	EndGlobalSection
EndGlobal
